// !$*UTF8*$!
{
	archiveVersion = 1;
	classes = {
	};
	objectVersion = 56;
	objects = {

/* Begin PBXBuildFile section */
		170224AF2B164692004DD4F5 /* ProfilePostViewModel.swift in Sources */ = {isa = PBXBuildFile; fileRef = 170224AE2B164692004DD4F5 /* ProfilePostViewModel.swift */; };
		17085EAA2B0E652000B3D092 /* SignUpView.swift in Sources */ = {isa = PBXBuildFile; fileRef = 17085EA92B0E652000B3D092 /* SignUpView.swift */; };
		170A35AC2B190663006F4AE3 /* TabButton.swift in Sources */ = {isa = PBXBuildFile; fileRef = 170A35AB2B190663006F4AE3 /* TabButton.swift */; };
		170A35AE2B1908A5006F4AE3 /* CustomTabsBar.swift in Sources */ = {isa = PBXBuildFile; fileRef = 170A35AD2B1908A5006F4AE3 /* CustomTabsBar.swift */; };
		1711D2802B0FAB57005253EC /* SignInView.swift in Sources */ = {isa = PBXBuildFile; fileRef = 1711D27F2B0FAB56005253EC /* SignInView.swift */; };
		17179A862B14EFC9002CF04C /* BlurView.swift in Sources */ = {isa = PBXBuildFile; fileRef = 17179A852B14EFC9002CF04C /* BlurView.swift */; };
		1725D76B2B137ECB00BC0813 /* PostModel.swift in Sources */ = {isa = PBXBuildFile; fileRef = 1725D76A2B137ECB00BC0813 /* PostModel.swift */; };
		1725D76D2B137F2400BC0813 /* UserModel.swift in Sources */ = {isa = PBXBuildFile; fileRef = 1725D76C2B137F2400BC0813 /* UserModel.swift */; };
		1725D76F2B137F3000BC0813 /* CommentModel.swift in Sources */ = {isa = PBXBuildFile; fileRef = 1725D76E2B137F3000BC0813 /* CommentModel.swift */; };
		1725D7712B1385DB00BC0813 /* RetweetModel.swift in Sources */ = {isa = PBXBuildFile; fileRef = 1725D7702B1385DB00BC0813 /* RetweetModel.swift */; };
		1725D7732B13879800BC0813 /* PostViewModel.swift in Sources */ = {isa = PBXBuildFile; fileRef = 1725D7722B13879800BC0813 /* PostViewModel.swift */; };
		172E21732B2F56E300E8DB1A /* MockTrends.swift in Sources */ = {isa = PBXBuildFile; fileRef = 172E21722B2F56E300E8DB1A /* MockTrends.swift */; };
		172E21752B2F57AA00E8DB1A /* TrendsModel.swift in Sources */ = {isa = PBXBuildFile; fileRef = 172E21742B2F57AA00E8DB1A /* TrendsModel.swift */; };
		1763E8D02B0BDA6600F38915 /* Twitter_CloneApp.swift in Sources */ = {isa = PBXBuildFile; fileRef = 1763E8CF2B0BDA6600F38915 /* Twitter_CloneApp.swift */; };
		1763E8D22B0BDA6600F38915 /* ContentView.swift in Sources */ = {isa = PBXBuildFile; fileRef = 1763E8D12B0BDA6600F38915 /* ContentView.swift */; };
		1763E8D42B0BDA6700F38915 /* Assets.xcassets in Resources */ = {isa = PBXBuildFile; fileRef = 1763E8D32B0BDA6700F38915 /* Assets.xcassets */; };
		1763E8D72B0BDA6700F38915 /* Preview Assets.xcassets in Resources */ = {isa = PBXBuildFile; fileRef = 1763E8D62B0BDA6700F38915 /* Preview Assets.xcassets */; };
		17ABFEB12B14ABB700C02615 /* ScrollViewReaderFeed.swift in Sources */ = {isa = PBXBuildFile; fileRef = 17ABFEB02B14ABB700C02615 /* ScrollViewReaderFeed.swift */; };
		17ABFEB72B14B0C200C02615 /* ProfileView.swift in Sources */ = {isa = PBXBuildFile; fileRef = 17ABFEB62B14B0C200C02615 /* ProfileView.swift */; };
		17E6529D2B35F74F00AE555A /* CommunityCard.swift in Sources */ = {isa = PBXBuildFile; fileRef = 17E6529C2B35F74F00AE555A /* CommunityCard.swift */; };
		17FB4A742B10AB81008C68FE /* TwitterLogo.swift in Sources */ = {isa = PBXBuildFile; fileRef = 17FB4A732B10AB81008C68FE /* TwitterLogo.swift */; };
		17FB4A762B10AED4008C68FE /* FeedScreen.swift in Sources */ = {isa = PBXBuildFile; fileRef = 17FB4A752B10AED4008C68FE /* FeedScreen.swift */; };
		17FB4A792B10F1C2008C68FE /* TabView.swift in Sources */ = {isa = PBXBuildFile; fileRef = 17FB4A782B10F1C2008C68FE /* TabView.swift */; };
		17FB4A7E2B10F301008C68FE /* SearchView.swift in Sources */ = {isa = PBXBuildFile; fileRef = 17FB4A7D2B10F301008C68FE /* SearchView.swift */; };
		17FB4A832B10F355008C68FE /* CommunityView.swift in Sources */ = {isa = PBXBuildFile; fileRef = 17FB4A822B10F355008C68FE /* CommunityView.swift */; };
		17FB4A882B10F3C8008C68FE /* NotificationsView.swift in Sources */ = {isa = PBXBuildFile; fileRef = 17FB4A872B10F3C8008C68FE /* NotificationsView.swift */; };
		17FB4A8E2B10F548008C68FE /* MessagesView.swift in Sources */ = {isa = PBXBuildFile; fileRef = 17FB4A8D2B10F548008C68FE /* MessagesView.swift */; };
		17FB4A902B10FF7F008C68FE /* ViewHeader.swift in Sources */ = {isa = PBXBuildFile; fileRef = 17FB4A8F2B10FF7F008C68FE /* ViewHeader.swift */; };
		17FB4A922B110191008C68FE /* SearchBar.swift in Sources */ = {isa = PBXBuildFile; fileRef = 17FB4A912B110191008C68FE /* SearchBar.swift */; };
		17FB4A982B12027F008C68FE /* FeedScreenTabs.swift in Sources */ = {isa = PBXBuildFile; fileRef = 17FB4A972B12027F008C68FE /* FeedScreenTabs.swift */; };
		17FB4A9A2B1202B2008C68FE /* ForYouFeedView.swift in Sources */ = {isa = PBXBuildFile; fileRef = 17FB4A992B1202B2008C68FE /* ForYouFeedView.swift */; };
		17FB4A9C2B1202C6008C68FE /* FollowingFeedView.swift in Sources */ = {isa = PBXBuildFile; fileRef = 17FB4A9B2B1202C6008C68FE /* FollowingFeedView.swift */; };
		17FB4A9E2B12104C008C68FE /* NotificationsScreenTabs.swift in Sources */ = {isa = PBXBuildFile; fileRef = 17FB4A9D2B12104C008C68FE /* NotificationsScreenTabs.swift */; };
		17FB4AA02B1210F8008C68FE /* AllNotificationsView.swift in Sources */ = {isa = PBXBuildFile; fileRef = 17FB4A9F2B1210F8008C68FE /* AllNotificationsView.swift */; };
		17FB4AA22B121136008C68FE /* VerifiedNotificationsView.swift in Sources */ = {isa = PBXBuildFile; fileRef = 17FB4AA12B121135008C68FE /* VerifiedNotificationsView.swift */; };
		17FB4AA42B12114B008C68FE /* MentionNotificationsView.swift in Sources */ = {isa = PBXBuildFile; fileRef = 17FB4AA32B12114B008C68FE /* MentionNotificationsView.swift */; };
		17FB4AA72B121517008C68FE /* SplashView.swift in Sources */ = {isa = PBXBuildFile; fileRef = 17FB4AA62B121517008C68FE /* SplashView.swift */; };
		17FB4AAA2B122FEC008C68FE /* SlideMenuView.swift in Sources */ = {isa = PBXBuildFile; fileRef = 17FB4AA92B122FEC008C68FE /* SlideMenuView.swift */; };
/* End PBXBuildFile section */

/* Begin PBXFileReference section */
		170224AE2B164692004DD4F5 /* ProfilePostViewModel.swift */ = {isa = PBXFileReference; lastKnownFileType = sourcecode.swift; path = ProfilePostViewModel.swift; sourceTree = "<group>"; };
		17085EA92B0E652000B3D092 /* SignUpView.swift */ = {isa = PBXFileReference; lastKnownFileType = sourcecode.swift; path = SignUpView.swift; sourceTree = "<group>"; };
		170A35AB2B190663006F4AE3 /* TabButton.swift */ = {isa = PBXFileReference; lastKnownFileType = sourcecode.swift; path = TabButton.swift; sourceTree = "<group>"; };
		170A35AD2B1908A5006F4AE3 /* CustomTabsBar.swift */ = {isa = PBXFileReference; lastKnownFileType = sourcecode.swift; path = CustomTabsBar.swift; sourceTree = "<group>"; };
		1711D27F2B0FAB56005253EC /* SignInView.swift */ = {isa = PBXFileReference; lastKnownFileType = sourcecode.swift; path = SignInView.swift; sourceTree = "<group>"; };
		17179A852B14EFC9002CF04C /* BlurView.swift */ = {isa = PBXFileReference; lastKnownFileType = sourcecode.swift; path = BlurView.swift; sourceTree = "<group>"; };
		1725D76A2B137ECB00BC0813 /* PostModel.swift */ = {isa = PBXFileReference; lastKnownFileType = sourcecode.swift; path = PostModel.swift; sourceTree = "<group>"; };
		1725D76C2B137F2400BC0813 /* UserModel.swift */ = {isa = PBXFileReference; lastKnownFileType = sourcecode.swift; path = UserModel.swift; sourceTree = "<group>"; };
		1725D76E2B137F3000BC0813 /* CommentModel.swift */ = {isa = PBXFileReference; lastKnownFileType = sourcecode.swift; path = CommentModel.swift; sourceTree = "<group>"; };
		1725D7702B1385DB00BC0813 /* RetweetModel.swift */ = {isa = PBXFileReference; lastKnownFileType = sourcecode.swift; path = RetweetModel.swift; sourceTree = "<group>"; };
		1725D7722B13879800BC0813 /* PostViewModel.swift */ = {isa = PBXFileReference; lastKnownFileType = sourcecode.swift; path = PostViewModel.swift; sourceTree = "<group>"; };
		172E21722B2F56E300E8DB1A /* MockTrends.swift */ = {isa = PBXFileReference; lastKnownFileType = sourcecode.swift; path = MockTrends.swift; sourceTree = "<group>"; };
		172E21742B2F57AA00E8DB1A /* TrendsModel.swift */ = {isa = PBXFileReference; lastKnownFileType = sourcecode.swift; path = TrendsModel.swift; sourceTree = "<group>"; };
		1763E8CC2B0BDA6600F38915 /* Twitter Clone.app */ = {isa = PBXFileReference; explicitFileType = wrapper.application; includeInIndex = 0; path = "Twitter Clone.app"; sourceTree = BUILT_PRODUCTS_DIR; };
		1763E8CF2B0BDA6600F38915 /* Twitter_CloneApp.swift */ = {isa = PBXFileReference; lastKnownFileType = sourcecode.swift; path = Twitter_CloneApp.swift; sourceTree = "<group>"; };
		1763E8D12B0BDA6600F38915 /* ContentView.swift */ = {isa = PBXFileReference; lastKnownFileType = sourcecode.swift; path = ContentView.swift; sourceTree = "<group>"; };
		1763E8D32B0BDA6700F38915 /* Assets.xcassets */ = {isa = PBXFileReference; lastKnownFileType = folder.assetcatalog; path = Assets.xcassets; sourceTree = "<group>"; };
		1763E8D62B0BDA6700F38915 /* Preview Assets.xcassets */ = {isa = PBXFileReference; lastKnownFileType = folder.assetcatalog; path = "Preview Assets.xcassets"; sourceTree = "<group>"; };
		17ABFEB02B14ABB700C02615 /* ScrollViewReaderFeed.swift */ = {isa = PBXFileReference; lastKnownFileType = sourcecode.swift; path = ScrollViewReaderFeed.swift; sourceTree = "<group>"; };
		17ABFEB62B14B0C200C02615 /* ProfileView.swift */ = {isa = PBXFileReference; lastKnownFileType = sourcecode.swift; path = ProfileView.swift; sourceTree = "<group>"; };
		17E6529C2B35F74F00AE555A /* CommunityCard.swift */ = {isa = PBXFileReference; lastKnownFileType = sourcecode.swift; path = CommunityCard.swift; sourceTree = "<group>"; };
		17FB4A732B10AB81008C68FE /* TwitterLogo.swift */ = {isa = PBXFileReference; lastKnownFileType = sourcecode.swift; path = TwitterLogo.swift; sourceTree = "<group>"; };
		17FB4A752B10AED4008C68FE /* FeedScreen.swift */ = {isa = PBXFileReference; lastKnownFileType = sourcecode.swift; path = FeedScreen.swift; sourceTree = "<group>"; };
		17FB4A782B10F1C2008C68FE /* TabView.swift */ = {isa = PBXFileReference; lastKnownFileType = sourcecode.swift; path = TabView.swift; sourceTree = "<group>"; };
		17FB4A7D2B10F301008C68FE /* SearchView.swift */ = {isa = PBXFileReference; lastKnownFileType = sourcecode.swift; path = SearchView.swift; sourceTree = "<group>"; };
		17FB4A822B10F355008C68FE /* CommunityView.swift */ = {isa = PBXFileReference; lastKnownFileType = sourcecode.swift; path = CommunityView.swift; sourceTree = "<group>"; };
		17FB4A872B10F3C8008C68FE /* NotificationsView.swift */ = {isa = PBXFileReference; lastKnownFileType = sourcecode.swift; path = NotificationsView.swift; sourceTree = "<group>"; };
		17FB4A8D2B10F548008C68FE /* MessagesView.swift */ = {isa = PBXFileReference; lastKnownFileType = sourcecode.swift; path = MessagesView.swift; sourceTree = "<group>"; };
		17FB4A8F2B10FF7F008C68FE /* ViewHeader.swift */ = {isa = PBXFileReference; lastKnownFileType = sourcecode.swift; path = ViewHeader.swift; sourceTree = "<group>"; };
		17FB4A912B110191008C68FE /* SearchBar.swift */ = {isa = PBXFileReference; lastKnownFileType = sourcecode.swift; path = SearchBar.swift; sourceTree = "<group>"; };
		17FB4A972B12027F008C68FE /* FeedScreenTabs.swift */ = {isa = PBXFileReference; lastKnownFileType = sourcecode.swift; path = FeedScreenTabs.swift; sourceTree = "<group>"; };
		17FB4A992B1202B2008C68FE /* ForYouFeedView.swift */ = {isa = PBXFileReference; lastKnownFileType = sourcecode.swift; path = ForYouFeedView.swift; sourceTree = "<group>"; };
		17FB4A9B2B1202C6008C68FE /* FollowingFeedView.swift */ = {isa = PBXFileReference; lastKnownFileType = sourcecode.swift; path = FollowingFeedView.swift; sourceTree = "<group>"; };
		17FB4A9D2B12104C008C68FE /* NotificationsScreenTabs.swift */ = {isa = PBXFileReference; lastKnownFileType = sourcecode.swift; path = NotificationsScreenTabs.swift; sourceTree = "<group>"; };
		17FB4A9F2B1210F8008C68FE /* AllNotificationsView.swift */ = {isa = PBXFileReference; lastKnownFileType = sourcecode.swift; path = AllNotificationsView.swift; sourceTree = "<group>"; };
		17FB4AA12B121135008C68FE /* VerifiedNotificationsView.swift */ = {isa = PBXFileReference; lastKnownFileType = sourcecode.swift; path = VerifiedNotificationsView.swift; sourceTree = "<group>"; };
		17FB4AA32B12114B008C68FE /* MentionNotificationsView.swift */ = {isa = PBXFileReference; lastKnownFileType = sourcecode.swift; path = MentionNotificationsView.swift; sourceTree = "<group>"; };
		17FB4AA62B121517008C68FE /* SplashView.swift */ = {isa = PBXFileReference; lastKnownFileType = sourcecode.swift; path = SplashView.swift; sourceTree = "<group>"; };
		17FB4AA92B122FEC008C68FE /* SlideMenuView.swift */ = {isa = PBXFileReference; lastKnownFileType = sourcecode.swift; path = SlideMenuView.swift; sourceTree = "<group>"; };
/* End PBXFileReference section */

/* Begin PBXFrameworksBuildPhase section */
		1763E8C92B0BDA6600F38915 /* Frameworks */ = {
			isa = PBXFrameworksBuildPhase;
			buildActionMask = 2147483647;
			files = (
			);
			runOnlyForDeploymentPostprocessing = 0;
		};
/* End PBXFrameworksBuildPhase section */

/* Begin PBXGroup section */
		17085E9B2B0E638300B3D092 /* GlobalComponents */ = {
			isa = PBXGroup;
			children = (
				17FB4A732B10AB81008C68FE /* TwitterLogo.swift */,
			);
			path = GlobalComponents;
			sourceTree = "<group>";
		};
		17085E9C2B0E639200B3D092 /* Core */ = {
			isa = PBXGroup;
			children = (
				17ABFEB22B14B09D00C02615 /* Profile */,
				17FB4AA82B122EE0008C68FE /* SlideMenu */,
				17FB4AA52B121508008C68FE /* Splash */,
				17FB4A8A2B10F412008C68FE /* Messages */,
				17FB4A842B10F3AE008C68FE /* Notifications */,
				17FB4A7F2B10F330008C68FE /* Community */,
				17FB4A7A2B10F2E5008C68FE /* Search */,
				17FB4A772B10F1B5008C68FE /* Tabs */,
				17085EA62B0E64D700B3D092 /* Auth */,
				17085EA32B0E63D500B3D092 /* Feed */,
			);
			path = Core;
			sourceTree = "<group>";
		};
		17085EA02B0E63A300B3D092 /* Service */ = {
			isa = PBXGroup;
			children = (
			);
			path = Service;
			sourceTree = "<group>";
		};
		17085EA12B0E63A700B3D092 /* Model */ = {
			isa = PBXGroup;
			children = (
				1725D76A2B137ECB00BC0813 /* PostModel.swift */,
				1725D76C2B137F2400BC0813 /* UserModel.swift */,
				1725D76E2B137F3000BC0813 /* CommentModel.swift */,
				172E21742B2F57AA00E8DB1A /* TrendsModel.swift */,
				1725D7702B1385DB00BC0813 /* RetweetModel.swift */,
			);
			path = Model;
			sourceTree = "<group>";
		};
		17085EA22B0E63AA00B3D092 /* Extensions */ = {
			isa = PBXGroup;
			children = (
			);
			path = Extensions;
			sourceTree = "<group>";
		};
		17085EA32B0E63D500B3D092 /* Feed */ = {
			isa = PBXGroup;
			children = (
				17085EA52B0E642D00B3D092 /* View */,
				17085EA42B0E641B00B3D092 /* ViewModels */,
			);
			path = Feed;
			sourceTree = "<group>";
		};
		17085EA42B0E641B00B3D092 /* ViewModels */ = {
			isa = PBXGroup;
			children = (
				1725D7722B13879800BC0813 /* PostViewModel.swift */,
			);
			path = ViewModels;
			sourceTree = "<group>";
		};
		17085EA52B0E642D00B3D092 /* View */ = {
			isa = PBXGroup;
			children = (
				17FB4A752B10AED4008C68FE /* FeedScreen.swift */,
				17FB4A972B12027F008C68FE /* FeedScreenTabs.swift */,
				17FB4A992B1202B2008C68FE /* ForYouFeedView.swift */,
				17FB4A9B2B1202C6008C68FE /* FollowingFeedView.swift */,
				17ABFEB02B14ABB700C02615 /* ScrollViewReaderFeed.swift */,
			);
			path = View;
			sourceTree = "<group>";
		};
		17085EA62B0E64D700B3D092 /* Auth */ = {
			isa = PBXGroup;
			children = (
				1711D27C2B0FA85B005253EC /* SignIn */,
				1711D27B2B0FA849005253EC /* SignUp */,
			);
			path = Auth;
			sourceTree = "<group>";
		};
		17085EA72B0E64DD00B3D092 /* View */ = {
			isa = PBXGroup;
			children = (
				17085EA92B0E652000B3D092 /* SignUpView.swift */,
			);
			path = View;
			sourceTree = "<group>";
		};
		17085EA82B0E64E300B3D092 /* ViewModels */ = {
			isa = PBXGroup;
			children = (
			);
			path = ViewModels;
			sourceTree = "<group>";
		};
		170A35AA2B19064B006F4AE3 /* Components */ = {
			isa = PBXGroup;
			children = (
				17179A852B14EFC9002CF04C /* BlurView.swift */,
				170A35AB2B190663006F4AE3 /* TabButton.swift */,
				170A35AD2B1908A5006F4AE3 /* CustomTabsBar.swift */,
			);
			path = Components;
			sourceTree = "<group>";
		};
		1711D27B2B0FA849005253EC /* SignUp */ = {
			isa = PBXGroup;
			children = (
				17085EA82B0E64E300B3D092 /* ViewModels */,
				17085EA72B0E64DD00B3D092 /* View */,
			);
			path = SignUp;
			sourceTree = "<group>";
		};
		1711D27C2B0FA85B005253EC /* SignIn */ = {
			isa = PBXGroup;
			children = (
				1711D27E2B0FA866005253EC /* ViewModels */,
				1711D27D2B0FA861005253EC /* View */,
			);
			path = SignIn;
			sourceTree = "<group>";
		};
		1711D27D2B0FA861005253EC /* View */ = {
			isa = PBXGroup;
			children = (
				1711D27F2B0FAB56005253EC /* SignInView.swift */,
			);
			path = View;
			sourceTree = "<group>";
		};
		1711D27E2B0FA866005253EC /* ViewModels */ = {
			isa = PBXGroup;
			children = (
			);
			path = ViewModels;
			sourceTree = "<group>";
		};
		1763E8C32B0BDA6600F38915 = {
			isa = PBXGroup;
			children = (
				1763E8CE2B0BDA6600F38915 /* Twitter Clone */,
				1763E8CD2B0BDA6600F38915 /* Products */,
			);
			sourceTree = "<group>";
		};
		1763E8CD2B0BDA6600F38915 /* Products */ = {
			isa = PBXGroup;
			children = (
				1763E8CC2B0BDA6600F38915 /* Twitter Clone.app */,
			);
			name = Products;
			sourceTree = "<group>";
		};
		1763E8CE2B0BDA6600F38915 /* Twitter Clone */ = {
			isa = PBXGroup;
			children = (
				17085EA22B0E63AA00B3D092 /* Extensions */,
				17085E9B2B0E638300B3D092 /* GlobalComponents */,
				17085EA12B0E63A700B3D092 /* Model */,
				17085EA02B0E63A300B3D092 /* Service */,
				17085E9C2B0E639200B3D092 /* Core */,
				1763E8CF2B0BDA6600F38915 /* Twitter_CloneApp.swift */,
				1763E8D12B0BDA6600F38915 /* ContentView.swift */,
				1763E8D32B0BDA6700F38915 /* Assets.xcassets */,
				1763E8D52B0BDA6700F38915 /* Preview Content */,
			);
			path = "Twitter Clone";
			sourceTree = "<group>";
		};
		1763E8D52B0BDA6700F38915 /* Preview Content */ = {
			isa = PBXGroup;
			children = (
				1763E8D62B0BDA6700F38915 /* Preview Assets.xcassets */,
			);
			path = "Preview Content";
			sourceTree = "<group>";
		};
		17ABFEAE2B14AAC300C02615 /* Components */ = {
			isa = PBXGroup;
			children = (
				17FB4A8F2B10FF7F008C68FE /* ViewHeader.swift */,
			);
			path = Components;
			sourceTree = "<group>";
		};
		17ABFEB22B14B09D00C02615 /* Profile */ = {
			isa = PBXGroup;
			children = (
				170A35AA2B19064B006F4AE3 /* Components */,
				17ABFEB42B14B0AC00C02615 /* ViewModel */,
				17ABFEB32B14B0A800C02615 /* View */,
			);
			path = Profile;
			sourceTree = "<group>";
		};
		17ABFEB32B14B0A800C02615 /* View */ = {
			isa = PBXGroup;
			children = (
				17ABFEB62B14B0C200C02615 /* ProfileView.swift */,
			);
			path = View;
			sourceTree = "<group>";
		};
		17ABFEB42B14B0AC00C02615 /* ViewModel */ = {
			isa = PBXGroup;
			children = (
				170224AE2B164692004DD4F5 /* ProfilePostViewModel.swift */,
			);
			path = ViewModel;
			sourceTree = "<group>";
		};
		17E6529B2B35F73A00AE555A /* Components */ = {
			isa = PBXGroup;
			children = (
				17E6529C2B35F74F00AE555A /* CommunityCard.swift */,
			);
			path = Components;
			sourceTree = "<group>";
		};
		17FB4A772B10F1B5008C68FE /* Tabs */ = {
			isa = PBXGroup;
			children = (
				17ABFEAE2B14AAC300C02615 /* Components */,
				17FB4A782B10F1C2008C68FE /* TabView.swift */,
			);
			path = Tabs;
			sourceTree = "<group>";
		};
		17FB4A7A2B10F2E5008C68FE /* Search */ = {
			isa = PBXGroup;
			children = (
				17FB4A7C2B10F2F6008C68FE /* ViewModel */,
				17FB4A7B2B10F2EE008C68FE /* View */,
			);
			path = Search;
			sourceTree = "<group>";
		};
		17FB4A7B2B10F2EE008C68FE /* View */ = {
			isa = PBXGroup;
			children = (
				17FB4A912B110191008C68FE /* SearchBar.swift */,
				17FB4A7D2B10F301008C68FE /* SearchView.swift */,
				172E21722B2F56E300E8DB1A /* MockTrends.swift */,
			);
			path = View;
			sourceTree = "<group>";
		};
		17FB4A7C2B10F2F6008C68FE /* ViewModel */ = {
			isa = PBXGroup;
			children = (
			);
			path = ViewModel;
			sourceTree = "<group>";
		};
		17FB4A7F2B10F330008C68FE /* Community */ = {
			isa = PBXGroup;
			children = (
				17E6529B2B35F73A00AE555A /* Components */,
				17FB4A812B10F34B008C68FE /* ViewModel */,
				17FB4A802B10F347008C68FE /* View */,
			);
			path = Community;
			sourceTree = "<group>";
		};
		17FB4A802B10F347008C68FE /* View */ = {
			isa = PBXGroup;
			children = (
				17FB4A822B10F355008C68FE /* CommunityView.swift */,
			);
			path = View;
			sourceTree = "<group>";
		};
		17FB4A812B10F34B008C68FE /* ViewModel */ = {
			isa = PBXGroup;
			children = (
			);
			path = ViewModel;
			sourceTree = "<group>";
		};
		17FB4A842B10F3AE008C68FE /* Notifications */ = {
			isa = PBXGroup;
			children = (
				17FB4A862B10F3BB008C68FE /* ViewModel */,
				17FB4A852B10F3B7008C68FE /* View */,
			);
			path = Notifications;
			sourceTree = "<group>";
		};
		17FB4A852B10F3B7008C68FE /* View */ = {
			isa = PBXGroup;
			children = (
				17FB4A872B10F3C8008C68FE /* NotificationsView.swift */,
				17FB4A9D2B12104C008C68FE /* NotificationsScreenTabs.swift */,
				17FB4A9F2B1210F8008C68FE /* AllNotificationsView.swift */,
				17FB4AA12B121135008C68FE /* VerifiedNotificationsView.swift */,
				17FB4AA32B12114B008C68FE /* MentionNotificationsView.swift */,
			);
			path = View;
			sourceTree = "<group>";
		};
		17FB4A862B10F3BB008C68FE /* ViewModel */ = {
			isa = PBXGroup;
			children = (
			);
			path = ViewModel;
			sourceTree = "<group>";
		};
		17FB4A8A2B10F412008C68FE /* Messages */ = {
			isa = PBXGroup;
			children = (
				17FB4A8C2B10F52A008C68FE /* ViewModel */,
				17FB4A8B2B10F526008C68FE /* View */,
			);
			path = Messages;
			sourceTree = "<group>";
		};
		17FB4A8B2B10F526008C68FE /* View */ = {
			isa = PBXGroup;
			children = (
				17FB4A8D2B10F548008C68FE /* MessagesView.swift */,
			);
			path = View;
			sourceTree = "<group>";
		};
		17FB4A8C2B10F52A008C68FE /* ViewModel */ = {
			isa = PBXGroup;
			children = (
			);
			path = ViewModel;
			sourceTree = "<group>";
		};
		17FB4AA52B121508008C68FE /* Splash */ = {
			isa = PBXGroup;
			children = (
				17FB4AA62B121517008C68FE /* SplashView.swift */,
			);
			path = Splash;
			sourceTree = "<group>";
		};
		17FB4AA82B122EE0008C68FE /* SlideMenu */ = {
			isa = PBXGroup;
			children = (
				17FB4AA92B122FEC008C68FE /* SlideMenuView.swift */,
			);
			path = SlideMenu;
			sourceTree = "<group>";
		};
/* End PBXGroup section */

/* Begin PBXNativeTarget section */
		1763E8CB2B0BDA6600F38915 /* Twitter Clone */ = {
			isa = PBXNativeTarget;
			buildConfigurationList = 1763E8DA2B0BDA6700F38915 /* Build configuration list for PBXNativeTarget "Twitter Clone" */;
			buildPhases = (
				1763E8C82B0BDA6600F38915 /* Sources */,
				1763E8C92B0BDA6600F38915 /* Frameworks */,
				1763E8CA2B0BDA6600F38915 /* Resources */,
			);
			buildRules = (
			);
			dependencies = (
			);
			name = "Twitter Clone";
			packageProductDependencies = (
			);
			productName = "Twitter Clone";
			productReference = 1763E8CC2B0BDA6600F38915 /* Twitter Clone.app */;
			productType = "com.apple.product-type.application";
		};
/* End PBXNativeTarget section */

/* Begin PBXProject section */
		1763E8C42B0BDA6600F38915 /* Project object */ = {
			isa = PBXProject;
			attributes = {
				BuildIndependentTargetsInParallel = 1;
				LastSwiftUpdateCheck = 1500;
				LastUpgradeCheck = 1500;
				TargetAttributes = {
					1763E8CB2B0BDA6600F38915 = {
						CreatedOnToolsVersion = 15.0.1;
					};
				};
			};
			buildConfigurationList = 1763E8C72B0BDA6600F38915 /* Build configuration list for PBXProject "Twitter Clone" */;
			compatibilityVersion = "Xcode 14.0";
			developmentRegion = en;
			hasScannedForEncodings = 0;
			knownRegions = (
				en,
				Base,
			);
			mainGroup = 1763E8C32B0BDA6600F38915;
			packageReferences = (
			);
			productRefGroup = 1763E8CD2B0BDA6600F38915 /* Products */;
			projectDirPath = "";
			projectRoot = "";
			targets = (
				1763E8CB2B0BDA6600F38915 /* Twitter Clone */,
			);
		};
/* End PBXProject section */

/* Begin PBXResourcesBuildPhase section */
		1763E8CA2B0BDA6600F38915 /* Resources */ = {
			isa = PBXResourcesBuildPhase;
			buildActionMask = 2147483647;
			files = (
				1763E8D72B0BDA6700F38915 /* Preview Assets.xcassets in Resources */,
				1763E8D42B0BDA6700F38915 /* Assets.xcassets in Resources */,
			);
			runOnlyForDeploymentPostprocessing = 0;
		};
/* End PBXResourcesBuildPhase section */

/* Begin PBXSourcesBuildPhase section */
		1763E8C82B0BDA6600F38915 /* Sources */ = {
			isa = PBXSourcesBuildPhase;
			buildActionMask = 2147483647;
			files = (
				17FB4A9E2B12104C008C68FE /* NotificationsScreenTabs.swift in Sources */,
				17FB4A922B110191008C68FE /* SearchBar.swift in Sources */,
				17ABFEB12B14ABB700C02615 /* ScrollViewReaderFeed.swift in Sources */,
				1725D7712B1385DB00BC0813 /* RetweetModel.swift in Sources */,
				17FB4AA02B1210F8008C68FE /* AllNotificationsView.swift in Sources */,
				1711D2802B0FAB57005253EC /* SignInView.swift in Sources */,
				17FB4A9C2B1202C6008C68FE /* FollowingFeedView.swift in Sources */,
				1725D76B2B137ECB00BC0813 /* PostModel.swift in Sources */,
				17FB4A882B10F3C8008C68FE /* NotificationsView.swift in Sources */,
				17FB4A762B10AED4008C68FE /* FeedScreen.swift in Sources */,
				17085EAA2B0E652000B3D092 /* SignUpView.swift in Sources */,
				17ABFEB72B14B0C200C02615 /* ProfileView.swift in Sources */,
				17FB4AA42B12114B008C68FE /* MentionNotificationsView.swift in Sources */,
				1725D76D2B137F2400BC0813 /* UserModel.swift in Sources */,
				170224AF2B164692004DD4F5 /* ProfilePostViewModel.swift in Sources */,
				17FB4A982B12027F008C68FE /* FeedScreenTabs.swift in Sources */,
				1763E8D22B0BDA6600F38915 /* ContentView.swift in Sources */,
				17FB4AA22B121136008C68FE /* VerifiedNotificationsView.swift in Sources */,
				17179A862B14EFC9002CF04C /* BlurView.swift in Sources */,
				1725D7732B13879800BC0813 /* PostViewModel.swift in Sources */,
				17FB4A7E2B10F301008C68FE /* SearchView.swift in Sources */,
				17FB4A832B10F355008C68FE /* CommunityView.swift in Sources */,
				17FB4A9A2B1202B2008C68FE /* ForYouFeedView.swift in Sources */,
				17FB4A902B10FF7F008C68FE /* ViewHeader.swift in Sources */,
				172E21732B2F56E300E8DB1A /* MockTrends.swift in Sources */,
				17FB4A8E2B10F548008C68FE /* MessagesView.swift in Sources */,
				17FB4A792B10F1C2008C68FE /* TabView.swift in Sources */,
				170A35AE2B1908A5006F4AE3 /* CustomTabsBar.swift in Sources */,
				17FB4A742B10AB81008C68FE /* TwitterLogo.swift in Sources */,
				172E21752B2F57AA00E8DB1A /* TrendsModel.swift in Sources */,
				1763E8D02B0BDA6600F38915 /* Twitter_CloneApp.swift in Sources */,
				1725D76F2B137F3000BC0813 /* CommentModel.swift in Sources */,
				170A35AC2B190663006F4AE3 /* TabButton.swift in Sources */,
				17E6529D2B35F74F00AE555A /* CommunityCard.swift in Sources */,
				17FB4AAA2B122FEC008C68FE /* SlideMenuView.swift in Sources */,
				17FB4AA72B121517008C68FE /* SplashView.swift in Sources */,
			);
			runOnlyForDeploymentPostprocessing = 0;
		};
/* End PBXSourcesBuildPhase section */

/* Begin XCBuildConfiguration section */
		1763E8D82B0BDA6700F38915 /* Debug */ = {
			isa = XCBuildConfiguration;
			buildSettings = {
				ALWAYS_SEARCH_USER_PATHS = NO;
				ASSETCATALOG_COMPILER_GENERATE_SWIFT_ASSET_SYMBOL_EXTENSIONS = YES;
				CLANG_ANALYZER_NONNULL = YES;
				CLANG_ANALYZER_NUMBER_OBJECT_CONVERSION = YES_AGGRESSIVE;
				CLANG_CXX_LANGUAGE_STANDARD = "gnu++20";
				CLANG_ENABLE_MODULES = YES;
				CLANG_ENABLE_OBJC_ARC = YES;
				CLANG_ENABLE_OBJC_WEAK = YES;
				CLANG_WARN_BLOCK_CAPTURE_AUTORELEASING = YES;
				CLANG_WARN_BOOL_CONVERSION = YES;
				CLANG_WARN_COMMA = YES;
				CLANG_WARN_CONSTANT_CONVERSION = YES;
				CLANG_WARN_DEPRECATED_OBJC_IMPLEMENTATIONS = YES;
				CLANG_WARN_DIRECT_OBJC_ISA_USAGE = YES_ERROR;
				CLANG_WARN_DOCUMENTATION_COMMENTS = YES;
				CLANG_WARN_EMPTY_BODY = YES;
				CLANG_WARN_ENUM_CONVERSION = YES;
				CLANG_WARN_INFINITE_RECURSION = YES;
				CLANG_WARN_INT_CONVERSION = YES;
				CLANG_WARN_NON_LITERAL_NULL_CONVERSION = YES;
				CLANG_WARN_OBJC_IMPLICIT_RETAIN_SELF = YES;
				CLANG_WARN_OBJC_LITERAL_CONVERSION = YES;
				CLANG_WARN_OBJC_ROOT_CLASS = YES_ERROR;
				CLANG_WARN_QUOTED_INCLUDE_IN_FRAMEWORK_HEADER = YES;
				CLANG_WARN_RANGE_LOOP_ANALYSIS = YES;
				CLANG_WARN_STRICT_PROTOTYPES = YES;
				CLANG_WARN_SUSPICIOUS_MOVE = YES;
				CLANG_WARN_UNGUARDED_AVAILABILITY = YES_AGGRESSIVE;
				CLANG_WARN_UNREACHABLE_CODE = YES;
				CLANG_WARN__DUPLICATE_METHOD_MATCH = YES;
				COPY_PHASE_STRIP = NO;
				DEBUG_INFORMATION_FORMAT = dwarf;
				ENABLE_STRICT_OBJC_MSGSEND = YES;
				ENABLE_TESTABILITY = YES;
				ENABLE_USER_SCRIPT_SANDBOXING = YES;
				GCC_C_LANGUAGE_STANDARD = gnu17;
				GCC_DYNAMIC_NO_PIC = NO;
				GCC_NO_COMMON_BLOCKS = YES;
				GCC_OPTIMIZATION_LEVEL = 0;
				GCC_PREPROCESSOR_DEFINITIONS = (
					"DEBUG=1",
					"$(inherited)",
				);
				GCC_WARN_64_TO_32_BIT_CONVERSION = YES;
				GCC_WARN_ABOUT_RETURN_TYPE = YES_ERROR;
				GCC_WARN_UNDECLARED_SELECTOR = YES;
				GCC_WARN_UNINITIALIZED_AUTOS = YES_AGGRESSIVE;
				GCC_WARN_UNUSED_FUNCTION = YES;
				GCC_WARN_UNUSED_VARIABLE = YES;
				IPHONEOS_DEPLOYMENT_TARGET = 17.0;
				LOCALIZATION_PREFERS_STRING_CATALOGS = YES;
				MTL_ENABLE_DEBUG_INFO = INCLUDE_SOURCE;
				MTL_FAST_MATH = YES;
				ONLY_ACTIVE_ARCH = YES;
				SDKROOT = iphoneos;
				SWIFT_ACTIVE_COMPILATION_CONDITIONS = "DEBUG $(inherited)";
				SWIFT_OPTIMIZATION_LEVEL = "-Onone";
			};
			name = Debug;
		};
		1763E8D92B0BDA6700F38915 /* Release */ = {
			isa = XCBuildConfiguration;
			buildSettings = {
				ALWAYS_SEARCH_USER_PATHS = NO;
				ASSETCATALOG_COMPILER_GENERATE_SWIFT_ASSET_SYMBOL_EXTENSIONS = YES;
				CLANG_ANALYZER_NONNULL = YES;
				CLANG_ANALYZER_NUMBER_OBJECT_CONVERSION = YES_AGGRESSIVE;
				CLANG_CXX_LANGUAGE_STANDARD = "gnu++20";
				CLANG_ENABLE_MODULES = YES;
				CLANG_ENABLE_OBJC_ARC = YES;
				CLANG_ENABLE_OBJC_WEAK = YES;
				CLANG_WARN_BLOCK_CAPTURE_AUTORELEASING = YES;
				CLANG_WARN_BOOL_CONVERSION = YES;
				CLANG_WARN_COMMA = YES;
				CLANG_WARN_CONSTANT_CONVERSION = YES;
				CLANG_WARN_DEPRECATED_OBJC_IMPLEMENTATIONS = YES;
				CLANG_WARN_DIRECT_OBJC_ISA_USAGE = YES_ERROR;
				CLANG_WARN_DOCUMENTATION_COMMENTS = YES;
				CLANG_WARN_EMPTY_BODY = YES;
				CLANG_WARN_ENUM_CONVERSION = YES;
				CLANG_WARN_INFINITE_RECURSION = YES;
				CLANG_WARN_INT_CONVERSION = YES;
				CLANG_WARN_NON_LITERAL_NULL_CONVERSION = YES;
				CLANG_WARN_OBJC_IMPLICIT_RETAIN_SELF = YES;
				CLANG_WARN_OBJC_LITERAL_CONVERSION = YES;
				CLANG_WARN_OBJC_ROOT_CLASS = YES_ERROR;
				CLANG_WARN_QUOTED_INCLUDE_IN_FRAMEWORK_HEADER = YES;
				CLANG_WARN_RANGE_LOOP_ANALYSIS = YES;
				CLANG_WARN_STRICT_PROTOTYPES = YES;
				CLANG_WARN_SUSPICIOUS_MOVE = YES;
				CLANG_WARN_UNGUARDED_AVAILABILITY = YES_AGGRESSIVE;
				CLANG_WARN_UNREACHABLE_CODE = YES;
				CLANG_WARN__DUPLICATE_METHOD_MATCH = YES;
				COPY_PHASE_STRIP = NO;
				DEBUG_INFORMATION_FORMAT = "dwarf-with-dsym";
				ENABLE_NS_ASSERTIONS = NO;
				ENABLE_STRICT_OBJC_MSGSEND = YES;
				ENABLE_USER_SCRIPT_SANDBOXING = YES;
				GCC_C_LANGUAGE_STANDARD = gnu17;
				GCC_NO_COMMON_BLOCKS = YES;
				GCC_WARN_64_TO_32_BIT_CONVERSION = YES;
				GCC_WARN_ABOUT_RETURN_TYPE = YES_ERROR;
				GCC_WARN_UNDECLARED_SELECTOR = YES;
				GCC_WARN_UNINITIALIZED_AUTOS = YES_AGGRESSIVE;
				GCC_WARN_UNUSED_FUNCTION = YES;
				GCC_WARN_UNUSED_VARIABLE = YES;
				IPHONEOS_DEPLOYMENT_TARGET = 17.0;
				LOCALIZATION_PREFERS_STRING_CATALOGS = YES;
				MTL_ENABLE_DEBUG_INFO = NO;
				MTL_FAST_MATH = YES;
				SDKROOT = iphoneos;
				SWIFT_COMPILATION_MODE = wholemodule;
				VALIDATE_PRODUCT = YES;
			};
			name = Release;
		};
		1763E8DB2B0BDA6700F38915 /* Debug */ = {
			isa = XCBuildConfiguration;
			buildSettings = {
				ASSETCATALOG_COMPILER_APPICON_NAME = AppIcon;
				ASSETCATALOG_COMPILER_GLOBAL_ACCENT_COLOR_NAME = AccentColor;
				CODE_SIGN_STYLE = Automatic;
				CURRENT_PROJECT_VERSION = 1;
				DEVELOPMENT_ASSET_PATHS = "\"Twitter Clone/Preview Content\"";
				DEVELOPMENT_TEAM = TPN9G79RD8;
				ENABLE_PREVIEWS = YES;
				GENERATE_INFOPLIST_FILE = YES;
				INFOPLIST_KEY_UIApplicationSceneManifest_Generation = YES;
				INFOPLIST_KEY_UIApplicationSupportsIndirectInputEvents = YES;
				INFOPLIST_KEY_UILaunchScreen_Generation = YES;
				INFOPLIST_KEY_UISupportedInterfaceOrientations_iPad = "UIInterfaceOrientationPortrait UIInterfaceOrientationPortraitUpsideDown UIInterfaceOrientationLandscapeLeft UIInterfaceOrientationLandscapeRight";
				INFOPLIST_KEY_UISupportedInterfaceOrientations_iPhone = "UIInterfaceOrientationPortrait UIInterfaceOrientationLandscapeLeft UIInterfaceOrientationLandscapeRight";
				LD_RUNPATH_SEARCH_PATHS = (
					"$(inherited)",
					"@executable_path/Frameworks",
				);
				MARKETING_VERSION = 1.0;
				PRODUCT_BUNDLE_IDENTIFIER = "com.danieljurma.Twitter-Clone";
				PRODUCT_NAME = "$(TARGET_NAME)";
				SWIFT_EMIT_LOC_STRINGS = YES;
				SWIFT_VERSION = 5.0;
				TARGETED_DEVICE_FAMILY = "1,2";
			};
			name = Debug;
		};
		1763E8DC2B0BDA6700F38915 /* Release */ = {
			isa = XCBuildConfiguration;
			buildSettings = {
				ASSETCATALOG_COMPILER_APPICON_NAME = AppIcon;
				ASSETCATALOG_COMPILER_GLOBAL_ACCENT_COLOR_NAME = AccentColor;
				CODE_SIGN_STYLE = Automatic;
				CURRENT_PROJECT_VERSION = 1;
				DEVELOPMENT_ASSET_PATHS = "\"Twitter Clone/Preview Content\"";
				DEVELOPMENT_TEAM = TPN9G79RD8;
				ENABLE_PREVIEWS = YES;
				GENERATE_INFOPLIST_FILE = YES;
				INFOPLIST_KEY_UIApplicationSceneManifest_Generation = YES;
				INFOPLIST_KEY_UIApplicationSupportsIndirectInputEvents = YES;
				INFOPLIST_KEY_UILaunchScreen_Generation = YES;
				INFOPLIST_KEY_UISupportedInterfaceOrientations_iPad = "UIInterfaceOrientationPortrait UIInterfaceOrientationPortraitUpsideDown UIInterfaceOrientationLandscapeLeft UIInterfaceOrientationLandscapeRight";
				INFOPLIST_KEY_UISupportedInterfaceOrientations_iPhone = "UIInterfaceOrientationPortrait UIInterfaceOrientationLandscapeLeft UIInterfaceOrientationLandscapeRight";
				LD_RUNPATH_SEARCH_PATHS = (
					"$(inherited)",
					"@executable_path/Frameworks",
				);
				MARKETING_VERSION = 1.0;
				PRODUCT_BUNDLE_IDENTIFIER = "com.danieljurma.Twitter-Clone";
				PRODUCT_NAME = "$(TARGET_NAME)";
				SWIFT_EMIT_LOC_STRINGS = YES;
				SWIFT_VERSION = 5.0;
				TARGETED_DEVICE_FAMILY = "1,2";
			};
			name = Release;
		};
/* End XCBuildConfiguration section */

/* Begin XCConfigurationList section */
		1763E8C72B0BDA6600F38915 /* Build configuration list for PBXProject "Twitter Clone" */ = {
			isa = XCConfigurationList;
			buildConfigurations = (
				1763E8D82B0BDA6700F38915 /* Debug */,
				1763E8D92B0BDA6700F38915 /* Release */,
			);
			defaultConfigurationIsVisible = 0;
			defaultConfigurationName = Release;
		};
		1763E8DA2B0BDA6700F38915 /* Build configuration list for PBXNativeTarget "Twitter Clone" */ = {
			isa = XCConfigurationList;
			buildConfigurations = (
				1763E8DB2B0BDA6700F38915 /* Debug */,
				1763E8DC2B0BDA6700F38915 /* Release */,
			);
			defaultConfigurationIsVisible = 0;
			defaultConfigurationName = Release;
		};
/* End XCConfigurationList section */
	};
	rootObject = 1763E8C42B0BDA6600F38915 /* Project object */;
}
